{
    "name": "@xroom.app/validators",
    "version": "1.0.4",
    "lockfileVersion": 2,
    "requires": true,
    "packages": {
        "": {
            "name": "@xroom.app/validators",
            "version": "1.0.0",
            "license": "MIT",
            "dependencies": {
                "@xroom.app/data-types": "^1.1.4"
            },
            "devDependencies": {}
        },
        "node_modules/@xroom.app/data-types": {
            "version": "1.1.4",
            "resolved": "https://registry.npmjs.org/@xroom.app/data-types/-/data-types-1.1.4.tgz",
            "integrity": "sha512-6K1EVlnIvYgtWGavEPu566uA3Xa0MCovFMtEXJ+DxuZxzN9UtwGdWsFLAOrJu1ak87baqNTClPUVagMa0tzksA=="
        }
    },
    "dependencies": {
        "@xroom.app/data-types": {
            "version": "1.1.4",
            "resolved": "https://registry.npmjs.org/@xroom.app/data-types/-/data-types-1.1.4.tgz",
            "integrity": "sha512-6K1EVlnIvYgtWGavEPu566uA3Xa0MCovFMtEXJ+DxuZxzN9UtwGdWsFLAOrJu1ak87baqNTClPUVagMa0tzksA=="
        }
    }
}
