{
  "name": "@xroom.app/process-limiter",
  "version": "1.0.0",
  "lockfileVersion": 1,
  "requires": true,
  "dependencies": {
    "@types/node": {
      "version": "11.15.16",
      "resolved": "https://registry.npmjs.org/@types/node/-/node-11.15.16.tgz",
      "integrity": "sha512-QUb2Wgrw0aq7Pfk9LhjOXrnm8E7CmwHSa5fy0IYvxWSujNVV0wDkaGxnAsu2WZcdYRBerYqnf6e6Qiq1FkBxGw==",
      "dev": true
    }
  }
}
